
Microsoft Visual Studio Solution File, Format Version 12.00
# Visual Studio 15
VisualStudioVersion = 15.0.26403.7
MinimumVisualStudioVersion = 10.0.40219.1
Project("{FAE04EC0-301F-11D3-BF4B-00C04F79EFBC}") = "Opg01HelloWorld", "Opg01HelloWorld\Opg01HelloWorld.csproj", "{0543F64B-AFE5-4D6A-921D-55E1BFFA1E9F}"
EndProject
Project("{FAE04EC0-301F-11D3-BF4B-00C04F79EFBC}") = "Opg02", "Opg02\Opg02.csproj", "{C1CDF858-A2A0-4BF4-A028-FB157989B18C}"
EndProject
Global
	GlobalSection(SolutionConfigurationPlatforms) = preSolution
		Debug|Any CPU = Debug|Any CPU
		Release|Any CPU = Release|Any CPU
	EndGlobalSection
	GlobalSection(ProjectConfigurationPlatforms) = postSolution
		{0543F64B-AFE5-4D6A-921D-55E1BFFA1E9F}.Debug|Any CPU.ActiveCfg = Debug|Any CPU
		{0543F64B-AFE5-4D6A-921D-55E1BFFA1E9F}.Debug|Any CPU.Build.0 = Debug|Any CPU
		{0543F64B-AFE5-4D6A-921D-55E1BFFA1E9F}.Release|Any CPU.ActiveCfg = Release|Any CPU
		{0543F64B-AFE5-4D6A-921D-55E1BFFA1E9F}.Release|Any CPU.Build.0 = Release|Any CPU
		{C1CDF858-A2A0-4BF4-A028-FB157989B18C}.Debug|Any CPU.ActiveCfg = Debug|Any CPU
		{C1CDF858-A2A0-4BF4-A028-FB157989B18C}.Debug|Any CPU.Build.0 = Debug|Any CPU
		{C1CDF858-A2A0-4BF4-A028-FB157989B18C}.Release|Any CPU.ActiveCfg = Release|Any CPU
		{C1CDF858-A2A0-4BF4-A028-FB157989B18C}.Release|Any CPU.Build.0 = Release|Any CPU
	EndGlobalSection
	GlobalSection(SolutionProperties) = preSolution
		HideSolutionNode = FALSE
	EndGlobalSection
EndGlobal
