
Microsoft Visual Studio Solution File, Format Version 12.00
# Visual Studio 15
VisualStudioVersion = 15.0.26430.4
MinimumVisualStudioVersion = 10.0.40219.1
Project("{FAE04EC0-301F-11D3-BF4B-00C04F79EFBC}") = "Opg01HelloWorld", "Opg01HelloWorld\Opg01HelloWorld.csproj", "{0543F64B-AFE5-4D6A-921D-55E1BFFA1E9F}"
EndProject
Project("{FAE04EC0-301F-11D3-BF4B-00C04F79EFBC}") = "Opg02", "Opg02\Opg02.csproj", "{C1CDF858-A2A0-4BF4-A028-FB157989B18C}"
EndProject
Project("{FAE04EC0-301F-11D3-BF4B-00C04F79EFBC}") = "Opg03", "Opg03\Opg03.csproj", "{042F3AEC-BDA2-4599-B546-862328217306}"
EndProject
Project("{FAE04EC0-301F-11D3-BF4B-00C04F79EFBC}") = "Opg04", "Opg04\Opg04.csproj", "{A4305CA1-57C8-491E-AA5A-FD6612A27D6B}"
EndProject
Project("{FAE04EC0-301F-11D3-BF4B-00C04F79EFBC}") = "Opg05", "Opg5\Opg05.csproj", "{7E6CDBCB-74C6-4744-AB0A-9D5E8EAB2B38}"
EndProject
Project("{FAE04EC0-301F-11D3-BF4B-00C04F79EFBC}") = "Opg06", "Opg06\Opg06.csproj", "{011968BD-DBC3-4507-BAB3-8CA6C5BE4534}"
EndProject
Project("{FAE04EC0-301F-11D3-BF4B-00C04F79EFBC}") = "Opg07", "Opg07\Opg07.csproj", "{00A69970-5F1D-40E3-8A83-4D4B4BE2C7DC}"
EndProject
Project("{FAE04EC0-301F-11D3-BF4B-00C04F79EFBC}") = "Opg08", "Opg08\Opg08.csproj", "{55F418B3-121D-47DF-83D0-0EAAB0C5C899}"
EndProject
Project("{FAE04EC0-301F-11D3-BF4B-00C04F79EFBC}") = "Opg09", "Opg09\Opg09.csproj", "{627478FA-8C3D-481C-8F49-B541DB7C088F}"
EndProject
Project("{FAE04EC0-301F-11D3-BF4B-00C04F79EFBC}") = "Opg10", "Opg10\Opg10.csproj", "{2A7E90F8-4BB9-426D-ACFE-1245BDD2F3D2}"
EndProject
Project("{FAE04EC0-301F-11D3-BF4B-00C04F79EFBC}") = "Opg11", "Opg11\Opg11.csproj", "{864F5545-11A1-42D9-A5B9-282D9994AAFF}"
EndProject
Project("{FAE04EC0-301F-11D3-BF4B-00C04F79EFBC}") = "Opg12", "Opg12\Opg12.csproj", "{09CEBA5A-0F65-4619-94D9-C1EE91AFA773}"
EndProject
Project("{FAE04EC0-301F-11D3-BF4B-00C04F79EFBC}") = "Opg13", "Opg13\Opg13.csproj", "{808B945A-6768-4165-A37A-506D23A7AD66}"
EndProject
Project("{FAE04EC0-301F-11D3-BF4B-00C04F79EFBC}") = "Opg14", "Opg14\Opg14.csproj", "{8ACA575F-8A87-4820-91AC-DB14C270A779}"
EndProject
Project("{FAE04EC0-301F-11D3-BF4B-00C04F79EFBC}") = "Opg 15 fejlhåndtering", "Opg 15 fejlhåndtering\Opg 15 fejlhåndtering.csproj", "{8F8D3D64-8491-42DC-B2E9-2FCB96E08C58}"
EndProject
Global
	GlobalSection(SolutionConfigurationPlatforms) = preSolution
		Debug|Any CPU = Debug|Any CPU
		Release|Any CPU = Release|Any CPU
	EndGlobalSection
	GlobalSection(ProjectConfigurationPlatforms) = postSolution
		{0543F64B-AFE5-4D6A-921D-55E1BFFA1E9F}.Debug|Any CPU.ActiveCfg = Debug|Any CPU
		{0543F64B-AFE5-4D6A-921D-55E1BFFA1E9F}.Debug|Any CPU.Build.0 = Debug|Any CPU
		{0543F64B-AFE5-4D6A-921D-55E1BFFA1E9F}.Release|Any CPU.ActiveCfg = Release|Any CPU
		{0543F64B-AFE5-4D6A-921D-55E1BFFA1E9F}.Release|Any CPU.Build.0 = Release|Any CPU
		{C1CDF858-A2A0-4BF4-A028-FB157989B18C}.Debug|Any CPU.ActiveCfg = Debug|Any CPU
		{C1CDF858-A2A0-4BF4-A028-FB157989B18C}.Debug|Any CPU.Build.0 = Debug|Any CPU
		{C1CDF858-A2A0-4BF4-A028-FB157989B18C}.Release|Any CPU.ActiveCfg = Release|Any CPU
		{C1CDF858-A2A0-4BF4-A028-FB157989B18C}.Release|Any CPU.Build.0 = Release|Any CPU
		{042F3AEC-BDA2-4599-B546-862328217306}.Debug|Any CPU.ActiveCfg = Debug|Any CPU
		{042F3AEC-BDA2-4599-B546-862328217306}.Debug|Any CPU.Build.0 = Debug|Any CPU
		{042F3AEC-BDA2-4599-B546-862328217306}.Release|Any CPU.ActiveCfg = Release|Any CPU
		{042F3AEC-BDA2-4599-B546-862328217306}.Release|Any CPU.Build.0 = Release|Any CPU
		{A4305CA1-57C8-491E-AA5A-FD6612A27D6B}.Debug|Any CPU.ActiveCfg = Debug|Any CPU
		{A4305CA1-57C8-491E-AA5A-FD6612A27D6B}.Debug|Any CPU.Build.0 = Debug|Any CPU
		{A4305CA1-57C8-491E-AA5A-FD6612A27D6B}.Release|Any CPU.ActiveCfg = Release|Any CPU
		{A4305CA1-57C8-491E-AA5A-FD6612A27D6B}.Release|Any CPU.Build.0 = Release|Any CPU
		{7E6CDBCB-74C6-4744-AB0A-9D5E8EAB2B38}.Debug|Any CPU.ActiveCfg = Debug|Any CPU
		{7E6CDBCB-74C6-4744-AB0A-9D5E8EAB2B38}.Debug|Any CPU.Build.0 = Debug|Any CPU
		{7E6CDBCB-74C6-4744-AB0A-9D5E8EAB2B38}.Release|Any CPU.ActiveCfg = Release|Any CPU
		{7E6CDBCB-74C6-4744-AB0A-9D5E8EAB2B38}.Release|Any CPU.Build.0 = Release|Any CPU
		{011968BD-DBC3-4507-BAB3-8CA6C5BE4534}.Debug|Any CPU.ActiveCfg = Debug|Any CPU
		{011968BD-DBC3-4507-BAB3-8CA6C5BE4534}.Debug|Any CPU.Build.0 = Debug|Any CPU
		{011968BD-DBC3-4507-BAB3-8CA6C5BE4534}.Release|Any CPU.ActiveCfg = Release|Any CPU
		{011968BD-DBC3-4507-BAB3-8CA6C5BE4534}.Release|Any CPU.Build.0 = Release|Any CPU
		{00A69970-5F1D-40E3-8A83-4D4B4BE2C7DC}.Debug|Any CPU.ActiveCfg = Debug|Any CPU
		{00A69970-5F1D-40E3-8A83-4D4B4BE2C7DC}.Debug|Any CPU.Build.0 = Debug|Any CPU
		{00A69970-5F1D-40E3-8A83-4D4B4BE2C7DC}.Release|Any CPU.ActiveCfg = Release|Any CPU
		{00A69970-5F1D-40E3-8A83-4D4B4BE2C7DC}.Release|Any CPU.Build.0 = Release|Any CPU
		{55F418B3-121D-47DF-83D0-0EAAB0C5C899}.Debug|Any CPU.ActiveCfg = Debug|Any CPU
		{55F418B3-121D-47DF-83D0-0EAAB0C5C899}.Debug|Any CPU.Build.0 = Debug|Any CPU
		{55F418B3-121D-47DF-83D0-0EAAB0C5C899}.Release|Any CPU.ActiveCfg = Release|Any CPU
		{55F418B3-121D-47DF-83D0-0EAAB0C5C899}.Release|Any CPU.Build.0 = Release|Any CPU
		{627478FA-8C3D-481C-8F49-B541DB7C088F}.Debug|Any CPU.ActiveCfg = Debug|Any CPU
		{627478FA-8C3D-481C-8F49-B541DB7C088F}.Debug|Any CPU.Build.0 = Debug|Any CPU
		{627478FA-8C3D-481C-8F49-B541DB7C088F}.Release|Any CPU.ActiveCfg = Release|Any CPU
		{627478FA-8C3D-481C-8F49-B541DB7C088F}.Release|Any CPU.Build.0 = Release|Any CPU
		{2A7E90F8-4BB9-426D-ACFE-1245BDD2F3D2}.Debug|Any CPU.ActiveCfg = Debug|Any CPU
		{2A7E90F8-4BB9-426D-ACFE-1245BDD2F3D2}.Debug|Any CPU.Build.0 = Debug|Any CPU
		{2A7E90F8-4BB9-426D-ACFE-1245BDD2F3D2}.Release|Any CPU.ActiveCfg = Release|Any CPU
		{2A7E90F8-4BB9-426D-ACFE-1245BDD2F3D2}.Release|Any CPU.Build.0 = Release|Any CPU
		{864F5545-11A1-42D9-A5B9-282D9994AAFF}.Debug|Any CPU.ActiveCfg = Debug|Any CPU
		{864F5545-11A1-42D9-A5B9-282D9994AAFF}.Debug|Any CPU.Build.0 = Debug|Any CPU
		{864F5545-11A1-42D9-A5B9-282D9994AAFF}.Release|Any CPU.ActiveCfg = Release|Any CPU
		{864F5545-11A1-42D9-A5B9-282D9994AAFF}.Release|Any CPU.Build.0 = Release|Any CPU
		{09CEBA5A-0F65-4619-94D9-C1EE91AFA773}.Debug|Any CPU.ActiveCfg = Debug|Any CPU
		{09CEBA5A-0F65-4619-94D9-C1EE91AFA773}.Debug|Any CPU.Build.0 = Debug|Any CPU
		{09CEBA5A-0F65-4619-94D9-C1EE91AFA773}.Release|Any CPU.ActiveCfg = Release|Any CPU
		{09CEBA5A-0F65-4619-94D9-C1EE91AFA773}.Release|Any CPU.Build.0 = Release|Any CPU
		{808B945A-6768-4165-A37A-506D23A7AD66}.Debug|Any CPU.ActiveCfg = Debug|Any CPU
		{808B945A-6768-4165-A37A-506D23A7AD66}.Debug|Any CPU.Build.0 = Debug|Any CPU
		{808B945A-6768-4165-A37A-506D23A7AD66}.Release|Any CPU.ActiveCfg = Release|Any CPU
		{808B945A-6768-4165-A37A-506D23A7AD66}.Release|Any CPU.Build.0 = Release|Any CPU
		{8ACA575F-8A87-4820-91AC-DB14C270A779}.Debug|Any CPU.ActiveCfg = Debug|Any CPU
		{8ACA575F-8A87-4820-91AC-DB14C270A779}.Debug|Any CPU.Build.0 = Debug|Any CPU
		{8ACA575F-8A87-4820-91AC-DB14C270A779}.Release|Any CPU.ActiveCfg = Release|Any CPU
		{8ACA575F-8A87-4820-91AC-DB14C270A779}.Release|Any CPU.Build.0 = Release|Any CPU
		{8F8D3D64-8491-42DC-B2E9-2FCB96E08C58}.Debug|Any CPU.ActiveCfg = Debug|Any CPU
		{8F8D3D64-8491-42DC-B2E9-2FCB96E08C58}.Debug|Any CPU.Build.0 = Debug|Any CPU
		{8F8D3D64-8491-42DC-B2E9-2FCB96E08C58}.Release|Any CPU.ActiveCfg = Release|Any CPU
		{8F8D3D64-8491-42DC-B2E9-2FCB96E08C58}.Release|Any CPU.Build.0 = Release|Any CPU
	EndGlobalSection
	GlobalSection(SolutionProperties) = preSolution
		HideSolutionNode = FALSE
	EndGlobalSection
EndGlobal
